
Microsoft Visual Studio Solution File, Format Version 11.00
# Visual C++ Express 2010
Project("{8BC9CEB8-8B4A-11D0-8D11-00A0C91BC942}") = "PamiecDzielona1", "PamiecDzielona1\PamiecDzielona1.vcxproj", "{BDD305A9-4321-498A-97C1-F14ED3640CF3}"
EndProject
Project("{8BC9CEB8-8B4A-11D0-8D11-00A0C91BC942}") = "PamiecDzielona2", "PamiecDzielona2\PamiecDzielona2.vcxproj", "{2AA40D0F-8747-4AF4-9FC5-127535DCEB4B}"
EndProject
Global
	GlobalSection(SolutionConfigurationPlatforms) = preSolution
		Debug|Win32 = Debug|Win32
		Release|Win32 = Release|Win32
	EndGlobalSection
	GlobalSection(ProjectConfigurationPlatforms) = postSolution
		{BDD305A9-4321-498A-97C1-F14ED3640CF3}.Debug|Win32.ActiveCfg = Debug|Win32
		{BDD305A9-4321-498A-97C1-F14ED3640CF3}.Debug|Win32.Build.0 = Debug|Win32
		{BDD305A9-4321-498A-97C1-F14ED3640CF3}.Release|Win32.ActiveCfg = Release|Win32
		{BDD305A9-4321-498A-97C1-F14ED3640CF3}.Release|Win32.Build.0 = Release|Win32
		{2AA40D0F-8747-4AF4-9FC5-127535DCEB4B}.Debug|Win32.ActiveCfg = Debug|Win32
		{2AA40D0F-8747-4AF4-9FC5-127535DCEB4B}.Debug|Win32.Build.0 = Debug|Win32
		{2AA40D0F-8747-4AF4-9FC5-127535DCEB4B}.Release|Win32.ActiveCfg = Release|Win32
		{2AA40D0F-8747-4AF4-9FC5-127535DCEB4B}.Release|Win32.Build.0 = Release|Win32
	EndGlobalSection
	GlobalSection(SolutionProperties) = preSolution
		HideSolutionNode = FALSE
	EndGlobalSection
EndGlobal
